<Solution>
  <Folder Name="/src/">
    <Project Path="src/Rebelgent.Agents/Rebelgent.Agents.csproj" />
    <Project Path="src/Rebelgent.Api/Rebelgent.Api.csproj" />
    <Project Path="src/Rebelgent.Contracts/Rebelgent.Contracts.csproj" />
    <Project Path="src/Rebelgent.Core/Rebelgent.Core.csproj" />
    <Project Path="src/Rebelgent.Infrastructure/Rebelgent.Infrastructure.csproj" />
    <Project Path="src/Rebelgent.ClaudeCode/Rebelgent.ClaudeCode.csproj" />
    <Project Path="src/Rebelgent.Orchestration/Rebelgent.Orchestration.csproj" />
    <Project Path="src/Rebelgent.Persistence/Rebelgent.Persistence.csproj" />
    <Project Path="src/Rebelgent.Telegram/Rebelgent.Telegram.csproj" />
  </Folder>
  <Folder Name="/tests/">
    <Project Path="tests/Rebelgent.Agents.Tests/Rebelgent.Agents.Tests.csproj" />
    <Project Path="tests/Rebelgent.Core.Tests/Rebelgent.Core.Tests.csproj" />
    <Project Path="tests/Rebelgent.ClaudeCode.Tests/Rebelgent.ClaudeCode.Tests.csproj" />
    <Project Path="tests/Rebelgent.Orchestration.Tests/Rebelgent.Orchestration.Tests.csproj" />
    <Project Path="tests/Rebelgent.Persistence.Tests/Rebelgent.Persistence.Tests.csproj" />
    <Project Path="tests/Rebelgent.Telegram.Tests/Rebelgent.Telegram.Tests.csproj" />
  </Folder>
</Solution>
